
Microsoft Visual Studio Solution File, Format Version 12.00
# Visual Studio 15
VisualStudioVersion = 15.0.28307.421
MinimumVisualStudioVersion = 10.0.40219.1
Project("{FAE04EC0-301F-11D3-BF4B-00C04F79EFBC}") = "VidlyProject", "VidlyProject\VidlyProject.csproj", "{DC629D31-2EE9-4319-B5D7-10E3A8001BC2}"
EndProject
Global
	GlobalSection(SolutionConfigurationPlatforms) = preSolution
		Debug|Any CPU = Debug|Any CPU
		Release|Any CPU = Release|Any CPU
		Testing|Any CPU = Testing|Any CPU
	EndGlobalSection
	GlobalSection(ProjectConfigurationPlatforms) = postSolution
		{DC629D31-2EE9-4319-B5D7-10E3A8001BC2}.Debug|Any CPU.ActiveCfg = Debug|Any CPU
		{DC629D31-2EE9-4319-B5D7-10E3A8001BC2}.Debug|Any CPU.Build.0 = Debug|Any CPU
		{DC629D31-2EE9-4319-B5D7-10E3A8001BC2}.Release|Any CPU.ActiveCfg = Release|Any CPU
		{DC629D31-2EE9-4319-B5D7-10E3A8001BC2}.Release|Any CPU.Build.0 = Release|Any CPU
		{DC629D31-2EE9-4319-B5D7-10E3A8001BC2}.Testing|Any CPU.ActiveCfg = Testing|Any CPU
		{DC629D31-2EE9-4319-B5D7-10E3A8001BC2}.Testing|Any CPU.Build.0 = Testing|Any CPU
	EndGlobalSection
	GlobalSection(SolutionProperties) = preSolution
		HideSolutionNode = FALSE
	EndGlobalSection
	GlobalSection(ExtensibilityGlobals) = postSolution
		SolutionGuid = {A447EE4D-6C00-40F3-AFB8-6D2386154FFC}
	EndGlobalSection
EndGlobal
